{
  "name": "miniprogram-ts-less-quickstart",
  "version": "1.0.0",
  "lockfileVersion": 1,
  "requires": true,
  "dependencies": {
    "@types/lodash": {
      "version": "4.17.16",
      "resolved": "http://r.npm.sankuai.com/@types/lodash/download/@types/lodash-4.17.16.tgz",
      "integrity": "sha1-lK54+rSjjXMIbpYtC2XDDYFr+wo="
    },
    "lodash": {
      "version": "4.17.21",
      "resolved": "http://r.npm.sankuai.com/lodash/download/lodash-4.17.21.tgz",
      "integrity": "sha1-Z5WRxWTDv/quhFTPCz3zcMPWkRw="
    }
  }
}
